
Microsoft Visual Studio Solution File, Format Version 12.00
# Visual Studio 15
VisualStudioVersion = 15.0.26124.0
MinimumVisualStudioVersion = 15.0.26124.0
Project("{FAE04EC0-301F-11D3-BF4B-00C04F79EFBC}") = "API", "API\API.csproj", "{65DC5EB1-1CC2-4BEF-8153-0025D62B4ADB}"
EndProject
Project("{FAE04EC0-301F-11D3-BF4B-00C04F79EFBC}") = "Core", "Core\Core.csproj", "{EEC75521-B45E-47BE-A476-0CBFAAA055FC}"
EndProject
Project("{FAE04EC0-301F-11D3-BF4B-00C04F79EFBC}") = "Infrastructure", "Infrastructure\Infrastructure.csproj", "{C5B3942B-C9E6-4F22-AAAC-DFE7C3168CE1}"
EndProject
Global
	GlobalSection(SolutionConfigurationPlatforms) = preSolution
		Debug|Any CPU = Debug|Any CPU
		Debug|x64 = Debug|x64
		Debug|x86 = Debug|x86
		Release|Any CPU = Release|Any CPU
		Release|x64 = Release|x64
		Release|x86 = Release|x86
	EndGlobalSection
	GlobalSection(SolutionProperties) = preSolution
		HideSolutionNode = FALSE
	EndGlobalSection
	GlobalSection(ProjectConfigurationPlatforms) = postSolution
		{65DC5EB1-1CC2-4BEF-8153-0025D62B4ADB}.Debug|Any CPU.ActiveCfg = Debug|Any CPU
		{65DC5EB1-1CC2-4BEF-8153-0025D62B4ADB}.Debug|Any CPU.Build.0 = Debug|Any CPU
		{65DC5EB1-1CC2-4BEF-8153-0025D62B4ADB}.Debug|x64.ActiveCfg = Debug|Any CPU
		{65DC5EB1-1CC2-4BEF-8153-0025D62B4ADB}.Debug|x64.Build.0 = Debug|Any CPU
		{65DC5EB1-1CC2-4BEF-8153-0025D62B4ADB}.Debug|x86.ActiveCfg = Debug|Any CPU
		{65DC5EB1-1CC2-4BEF-8153-0025D62B4ADB}.Debug|x86.Build.0 = Debug|Any CPU
		{65DC5EB1-1CC2-4BEF-8153-0025D62B4ADB}.Release|Any CPU.ActiveCfg = Release|Any CPU
		{65DC5EB1-1CC2-4BEF-8153-0025D62B4ADB}.Release|Any CPU.Build.0 = Release|Any CPU
		{65DC5EB1-1CC2-4BEF-8153-0025D62B4ADB}.Release|x64.ActiveCfg = Release|Any CPU
		{65DC5EB1-1CC2-4BEF-8153-0025D62B4ADB}.Release|x64.Build.0 = Release|Any CPU
		{65DC5EB1-1CC2-4BEF-8153-0025D62B4ADB}.Release|x86.ActiveCfg = Release|Any CPU
		{65DC5EB1-1CC2-4BEF-8153-0025D62B4ADB}.Release|x86.Build.0 = Release|Any CPU
		{EEC75521-B45E-47BE-A476-0CBFAAA055FC}.Debug|Any CPU.ActiveCfg = Debug|Any CPU
		{EEC75521-B45E-47BE-A476-0CBFAAA055FC}.Debug|Any CPU.Build.0 = Debug|Any CPU
		{EEC75521-B45E-47BE-A476-0CBFAAA055FC}.Debug|x64.ActiveCfg = Debug|Any CPU
		{EEC75521-B45E-47BE-A476-0CBFAAA055FC}.Debug|x64.Build.0 = Debug|Any CPU
		{EEC75521-B45E-47BE-A476-0CBFAAA055FC}.Debug|x86.ActiveCfg = Debug|Any CPU
		{EEC75521-B45E-47BE-A476-0CBFAAA055FC}.Debug|x86.Build.0 = Debug|Any CPU
		{EEC75521-B45E-47BE-A476-0CBFAAA055FC}.Release|Any CPU.ActiveCfg = Release|Any CPU
		{EEC75521-B45E-47BE-A476-0CBFAAA055FC}.Release|Any CPU.Build.0 = Release|Any CPU
		{EEC75521-B45E-47BE-A476-0CBFAAA055FC}.Release|x64.ActiveCfg = Release|Any CPU
		{EEC75521-B45E-47BE-A476-0CBFAAA055FC}.Release|x64.Build.0 = Release|Any CPU
		{EEC75521-B45E-47BE-A476-0CBFAAA055FC}.Release|x86.ActiveCfg = Release|Any CPU
		{EEC75521-B45E-47BE-A476-0CBFAAA055FC}.Release|x86.Build.0 = Release|Any CPU
		{C5B3942B-C9E6-4F22-AAAC-DFE7C3168CE1}.Debug|Any CPU.ActiveCfg = Debug|Any CPU
		{C5B3942B-C9E6-4F22-AAAC-DFE7C3168CE1}.Debug|Any CPU.Build.0 = Debug|Any CPU
		{C5B3942B-C9E6-4F22-AAAC-DFE7C3168CE1}.Debug|x64.ActiveCfg = Debug|Any CPU
		{C5B3942B-C9E6-4F22-AAAC-DFE7C3168CE1}.Debug|x64.Build.0 = Debug|Any CPU
		{C5B3942B-C9E6-4F22-AAAC-DFE7C3168CE1}.Debug|x86.ActiveCfg = Debug|Any CPU
		{C5B3942B-C9E6-4F22-AAAC-DFE7C3168CE1}.Debug|x86.Build.0 = Debug|Any CPU
		{C5B3942B-C9E6-4F22-AAAC-DFE7C3168CE1}.Release|Any CPU.ActiveCfg = Release|Any CPU
		{C5B3942B-C9E6-4F22-AAAC-DFE7C3168CE1}.Release|Any CPU.Build.0 = Release|Any CPU
		{C5B3942B-C9E6-4F22-AAAC-DFE7C3168CE1}.Release|x64.ActiveCfg = Release|Any CPU
		{C5B3942B-C9E6-4F22-AAAC-DFE7C3168CE1}.Release|x64.Build.0 = Release|Any CPU
		{C5B3942B-C9E6-4F22-AAAC-DFE7C3168CE1}.Release|x86.ActiveCfg = Release|Any CPU
		{C5B3942B-C9E6-4F22-AAAC-DFE7C3168CE1}.Release|x86.Build.0 = Release|Any CPU
	EndGlobalSection
EndGlobal
